{
  "name": "never-get-bored",
  "version": "1.1.0",
  "lockfileVersion": 1,
  "requires": true,
  "dependencies": {
    "jquery": {
      "version": "3.4.0",
      "resolved": "https://registry.npmjs.org/jquery/-/jquery-3.4.0.tgz",
      "integrity": "sha512-ggRCXln9zEqv6OqAGXFEcshF5dSBvCkzj6Gm2gzuR5fWawaX8t7cxKVkkygKODrDAzKdoYw3l/e3pm3vlT4IbQ=="
    },
    "metro4": {
      "version": "4.2.39",
      "resolved": "https://registry.npmjs.org/metro4/-/metro4-4.2.39.tgz",
      "integrity": "sha512-0gh6Z5mPyhKq5ooMENq5mtJoS6oSy+pbkof8sqIxiQiksmfoOJlcww8cOK6nRGztbxwo19GVGD0exy6Fm2D/Cw==",
      "requires": {
        "jquery": ">=3.3.1"
      }
    },
    "noty": {
      "version": "3.2.0-beta",
      "resolved": "https://registry.npmjs.org/noty/-/noty-3.2.0-beta.tgz",
      "integrity": "sha512-a1//Rth1MTQ/GCvGzwBXrZqCwOPyxiIKMdHT1TlcdrDYBYVfb7vzwsU0N4x+j/HeIQTi6/pbP8lRtY9gBz/d3Q=="
    }
  }
}
