{
  "name": "never-get-bored",
  "version": "1.1.1",
  "lockfileVersion": 1,
  "requires": true,
  "dependencies": {
    "metro4": {
      "version": "4.3.7",
      "resolved": "https://registry.npmjs.org/metro4/-/metro4-4.3.7.tgz",
      "integrity": "sha512-Bs86QG6uEAPLMi/5rAELhhRErEqIr9y75KwdAmGjYinrhbs3YFrXWqaOYJxJTcgCnU0HZUXV8obz/nsBe95pWQ=="
    },
    "noty": {
      "version": "3.2.0-beta",
      "resolved": "https://registry.npmjs.org/noty/-/noty-3.2.0-beta.tgz",
      "integrity": "sha512-a1//Rth1MTQ/GCvGzwBXrZqCwOPyxiIKMdHT1TlcdrDYBYVfb7vzwsU0N4x+j/HeIQTi6/pbP8lRtY9gBz/d3Q=="
    }
  }
}
